// !$*UTF8*$!
{
	archiveVersion = 1;
	classes = {
	};
	objectVersion = 50;
	objects = {

/* Begin PBXBuildFile section */
		10140FB6235E43960030DD18 /* AppDelegate.swift in Sources */ = {isa = PBXBuildFile; fileRef = 10140FB5235E43960030DD18 /* AppDelegate.swift */; };
		10140FB8235E43960030DD18 /* SceneDelegate.swift in Sources */ = {isa = PBXBuildFile; fileRef = 10140FB7235E43960030DD18 /* SceneDelegate.swift */; };
		10140FBF235E43970030DD18 /* Assets.xcassets in Resources */ = {isa = PBXBuildFile; fileRef = 10140FBE235E43970030DD18 /* Assets.xcassets */; };
		10140FC2235E43970030DD18 /* LaunchScreen.storyboard in Resources */ = {isa = PBXBuildFile; fileRef = 10140FC0235E43970030DD18 /* LaunchScreen.storyboard */; };
		10140FCA235E44B20030DD18 /* MyTableViewController.swift in Sources */ = {isa = PBXBuildFile; fileRef = 10140FC9235E44B20030DD18 /* MyTableViewController.swift */; };
		10140FCC235E479F0030DD18 /* ImageTableViewCell.swift in Sources */ = {isa = PBXBuildFile; fileRef = 10140FCB235E479F0030DD18 /* ImageTableViewCell.swift */; };
		10140FCE235E54900030DD18 /* UIImage+Extension.swift in Sources */ = {isa = PBXBuildFile; fileRef = 10140FCD235E548F0030DD18 /* UIImage+Extension.swift */; };
/* End PBXBuildFile section */

/* Begin PBXFileReference section */
		10140FB2235E43960030DD18 /* ResizeImageView.app */ = {isa = PBXFileReference; explicitFileType = wrapper.application; includeInIndex = 0; path = ResizeImageView.app; sourceTree = BUILT_PRODUCTS_DIR; };
		10140FB5235E43960030DD18 /* AppDelegate.swift */ = {isa = PBXFileReference; lastKnownFileType = sourcecode.swift; path = AppDelegate.swift; sourceTree = "<group>"; };
		10140FB7235E43960030DD18 /* SceneDelegate.swift */ = {isa = PBXFileReference; lastKnownFileType = sourcecode.swift; path = SceneDelegate.swift; sourceTree = "<group>"; };
		10140FBE235E43970030DD18 /* Assets.xcassets */ = {isa = PBXFileReference; lastKnownFileType = folder.assetcatalog; path = Assets.xcassets; sourceTree = "<group>"; };
		10140FC1235E43970030DD18 /* Base */ = {isa = PBXFileReference; lastKnownFileType = file.storyboard; name = Base; path = Base.lproj/LaunchScreen.storyboard; sourceTree = "<group>"; };
		10140FC3235E43970030DD18 /* Info.plist */ = {isa = PBXFileReference; lastKnownFileType = text.plist.xml; path = Info.plist; sourceTree = "<group>"; };
		10140FC9235E44B20030DD18 /* MyTableViewController.swift */ = {isa = PBXFileReference; lastKnownFileType = sourcecode.swift; path = MyTableViewController.swift; sourceTree = "<group>"; };
		10140FCB235E479F0030DD18 /* ImageTableViewCell.swift */ = {isa = PBXFileReference; lastKnownFileType = sourcecode.swift; path = ImageTableViewCell.swift; sourceTree = "<group>"; };
		10140FCD235E548F0030DD18 /* UIImage+Extension.swift */ = {isa = PBXFileReference; lastKnownFileType = sourcecode.swift; path = "UIImage+Extension.swift"; sourceTree = "<group>"; };
/* End PBXFileReference section */

/* Begin PBXFrameworksBuildPhase section */
		10140FAF235E43960030DD18 /* Frameworks */ = {
			isa = PBXFrameworksBuildPhase;
			buildActionMask = 2147483647;
			files = (
			);
			runOnlyForDeploymentPostprocessing = 0;
		};
/* End PBXFrameworksBuildPhase section */

/* Begin PBXGroup section */
		10140FA9235E43950030DD18 = {
			isa = PBXGroup;
			children = (
				10140FB4235E43960030DD18 /* ResizeImageView */,
				10140FB3235E43960030DD18 /* Products */,
			);
			sourceTree = "<group>";
		};
		10140FB3235E43960030DD18 /* Products */ = {
			isa = PBXGroup;
			children = (
				10140FB2235E43960030DD18 /* ResizeImageView.app */,
			);
			name = Products;
			sourceTree = "<group>";
		};
		10140FB4235E43960030DD18 /* ResizeImageView */ = {
			isa = PBXGroup;
			children = (
				10140FB5235E43960030DD18 /* AppDelegate.swift */,
				10140FB7235E43960030DD18 /* SceneDelegate.swift */,
				10140FD0235E58F10030DD18 /* View */,
				10140FCF235E58DE0030DD18 /* Controller */,
				10140FD1235E58FF0030DD18 /* Extension */,
				10140FC3235E43970030DD18 /* Info.plist */,
				10140FC0235E43970030DD18 /* LaunchScreen.storyboard */,
				10140FBE235E43970030DD18 /* Assets.xcassets */,
			);
			path = ResizeImageView;
			sourceTree = "<group>";
		};
		10140FCF235E58DE0030DD18 /* Controller */ = {
			isa = PBXGroup;
			children = (
				10140FC9235E44B20030DD18 /* MyTableViewController.swift */,
			);
			path = Controller;
			sourceTree = "<group>";
		};
		10140FD0235E58F10030DD18 /* View */ = {
			isa = PBXGroup;
			children = (
				10140FCB235E479F0030DD18 /* ImageTableViewCell.swift */,
			);
			path = View;
			sourceTree = "<group>";
		};
		10140FD1235E58FF0030DD18 /* Extension */ = {
			isa = PBXGroup;
			children = (
				10140FCD235E548F0030DD18 /* UIImage+Extension.swift */,
			);
			path = Extension;
			sourceTree = "<group>";
		};
/* End PBXGroup section */

/* Begin PBXNativeTarget section */
		10140FB1235E43960030DD18 /* ResizeImageView */ = {
			isa = PBXNativeTarget;
			buildConfigurationList = 10140FC6235E43970030DD18 /* Build configuration list for PBXNativeTarget "ResizeImageView" */;
			buildPhases = (
				10140FAE235E43960030DD18 /* Sources */,
				10140FAF235E43960030DD18 /* Frameworks */,
				10140FB0235E43960030DD18 /* Resources */,
			);
			buildRules = (
			);
			dependencies = (
			);
			name = ResizeImageView;
			productName = ResizeImageView;
			productReference = 10140FB2235E43960030DD18 /* ResizeImageView.app */;
			productType = "com.apple.product-type.application";
		};
/* End PBXNativeTarget section */

/* Begin PBXProject section */
		10140FAA235E43950030DD18 /* Project object */ = {
			isa = PBXProject;
			attributes = {
				LastSwiftUpdateCheck = 1110;
				LastUpgradeCheck = 1110;
				ORGANIZATIONNAME = "asplundo development";
				TargetAttributes = {
					10140FB1235E43960030DD18 = {
						CreatedOnToolsVersion = 11.1;
					};
				};
			};
			buildConfigurationList = 10140FAD235E43950030DD18 /* Build configuration list for PBXProject "ResizeImageView" */;
			compatibilityVersion = "Xcode 9.3";
			developmentRegion = en;
			hasScannedForEncodings = 0;
			knownRegions = (
				en,
				Base,
			);
			mainGroup = 10140FA9235E43950030DD18;
			productRefGroup = 10140FB3235E43960030DD18 /* Products */;
			projectDirPath = "";
			projectRoot = "";
			targets = (
				10140FB1235E43960030DD18 /* ResizeImageView */,
			);
		};
/* End PBXProject section */

/* Begin PBXResourcesBuildPhase section */
		10140FB0235E43960030DD18 /* Resources */ = {
			isa = PBXResourcesBuildPhase;
			buildActionMask = 2147483647;
			files = (
				10140FC2235E43970030DD18 /* LaunchScreen.storyboard in Resources */,
				10140FBF235E43970030DD18 /* Assets.xcassets in Resources */,
			);
			runOnlyForDeploymentPostprocessing = 0;
		};
/* End PBXResourcesBuildPhase section */

/* Begin PBXSourcesBuildPhase section */
		10140FAE235E43960030DD18 /* Sources */ = {
			isa = PBXSourcesBuildPhase;
			buildActionMask = 2147483647;
			files = (
				10140FB6235E43960030DD18 /* AppDelegate.swift in Sources */,
				10140FCC235E479F0030DD18 /* ImageTableViewCell.swift in Sources */,
				10140FCE235E54900030DD18 /* UIImage+Extension.swift in Sources */,
				10140FB8235E43960030DD18 /* SceneDelegate.swift in Sources */,
				10140FCA235E44B20030DD18 /* MyTableViewController.swift in Sources */,
			);
			runOnlyForDeploymentPostprocessing = 0;
		};
/* End PBXSourcesBuildPhase section */

/* Begin PBXVariantGroup section */
		10140FC0235E43970030DD18 /* LaunchScreen.storyboard */ = {
			isa = PBXVariantGroup;
			children = (
				10140FC1235E43970030DD18 /* Base */,
			);
			name = LaunchScreen.storyboard;
			sourceTree = "<group>";
		};
/* End PBXVariantGroup section */

/* Begin XCBuildConfiguration section */
		10140FC4235E43970030DD18 /* Debug */ = {
			isa = XCBuildConfiguration;
			buildSettings = {
				ALWAYS_SEARCH_USER_PATHS = NO;
				CLANG_ANALYZER_NONNULL = YES;
				CLANG_ANALYZER_NUMBER_OBJECT_CONVERSION = YES_AGGRESSIVE;
				CLANG_CXX_LANGUAGE_STANDARD = "gnu++14";
				CLANG_CXX_LIBRARY = "libc++";
				CLANG_ENABLE_MODULES = YES;
				CLANG_ENABLE_OBJC_ARC = YES;
				CLANG_ENABLE_OBJC_WEAK = YES;
				CLANG_WARN_BLOCK_CAPTURE_AUTORELEASING = YES;
				CLANG_WARN_BOOL_CONVERSION = YES;
				CLANG_WARN_COMMA = YES;
				CLANG_WARN_CONSTANT_CONVERSION = YES;
				CLANG_WARN_DEPRECATED_OBJC_IMPLEMENTATIONS = YES;
				CLANG_WARN_DIRECT_OBJC_ISA_USAGE = YES_ERROR;
				CLANG_WARN_DOCUMENTATION_COMMENTS = YES;
				CLANG_WARN_EMPTY_BODY = YES;
				CLANG_WARN_ENUM_CONVERSION = YES;
				CLANG_WARN_INFINITE_RECURSION = YES;
				CLANG_WARN_INT_CONVERSION = YES;
				CLANG_WARN_NON_LITERAL_NULL_CONVERSION = YES;
				CLANG_WARN_OBJC_IMPLICIT_RETAIN_SELF = YES;
				CLANG_WARN_OBJC_LITERAL_CONVERSION = YES;
				CLANG_WARN_OBJC_ROOT_CLASS = YES_ERROR;
				CLANG_WARN_RANGE_LOOP_ANALYSIS = YES;
				CLANG_WARN_STRICT_PROTOTYPES = YES;
				CLANG_WARN_SUSPICIOUS_MOVE = YES;
				CLANG_WARN_UNGUARDED_AVAILABILITY = YES_AGGRESSIVE;
				CLANG_WARN_UNREACHABLE_CODE = YES;
				CLANG_WARN__DUPLICATE_METHOD_MATCH = YES;
				COPY_PHASE_STRIP = NO;
				DEBUG_INFORMATION_FORMAT = dwarf;
				ENABLE_STRICT_OBJC_MSGSEND = YES;
				ENABLE_TESTABILITY = YES;
				GCC_C_LANGUAGE_STANDARD = gnu11;
				GCC_DYNAMIC_NO_PIC = NO;
				GCC_NO_COMMON_BLOCKS = YES;
				GCC_OPTIMIZATION_LEVEL = 0;
				GCC_PREPROCESSOR_DEFINITIONS = (
					"DEBUG=1",
					"$(inherited)",
				);
				GCC_WARN_64_TO_32_BIT_CONVERSION = YES;
				GCC_WARN_ABOUT_RETURN_TYPE = YES_ERROR;
				GCC_WARN_UNDECLARED_SELECTOR = YES;
				GCC_WARN_UNINITIALIZED_AUTOS = YES_AGGRESSIVE;
				GCC_WARN_UNUSED_FUNCTION = YES;
				GCC_WARN_UNUSED_VARIABLE = YES;
				IPHONEOS_DEPLOYMENT_TARGET = 13.1;
				MTL_ENABLE_DEBUG_INFO = INCLUDE_SOURCE;
				MTL_FAST_MATH = YES;
				ONLY_ACTIVE_ARCH = YES;
				SDKROOT = iphoneos;
				SWIFT_ACTIVE_COMPILATION_CONDITIONS = DEBUG;
				SWIFT_OPTIMIZATION_LEVEL = "-Onone";
			};
			name = Debug;
		};
		10140FC5235E43970030DD18 /* Release */ = {
			isa = XCBuildConfiguration;
			buildSettings = {
				ALWAYS_SEARCH_USER_PATHS = NO;
				CLANG_ANALYZER_NONNULL = YES;
				CLANG_ANALYZER_NUMBER_OBJECT_CONVERSION = YES_AGGRESSIVE;
				CLANG_CXX_LANGUAGE_STANDARD = "gnu++14";
				CLANG_CXX_LIBRARY = "libc++";
				CLANG_ENABLE_MODULES = YES;
				CLANG_ENABLE_OBJC_ARC = YES;
				CLANG_ENABLE_OBJC_WEAK = YES;
				CLANG_WARN_BLOCK_CAPTURE_AUTORELEASING = YES;
				CLANG_WARN_BOOL_CONVERSION = YES;
				CLANG_WARN_COMMA = YES;
				CLANG_WARN_CONSTANT_CONVERSION = YES;
				CLANG_WARN_DEPRECATED_OBJC_IMPLEMENTATIONS = YES;
				CLANG_WARN_DIRECT_OBJC_ISA_USAGE = YES_ERROR;
				CLANG_WARN_DOCUMENTATION_COMMENTS = YES;
				CLANG_WARN_EMPTY_BODY = YES;
				CLANG_WARN_ENUM_CONVERSION = YES;
				CLANG_WARN_INFINITE_RECURSION = YES;
				CLANG_WARN_INT_CONVERSION = YES;
				CLANG_WARN_NON_LITERAL_NULL_CONVERSION = YES;
				CLANG_WARN_OBJC_IMPLICIT_RETAIN_SELF = YES;
				CLANG_WARN_OBJC_LITERAL_CONVERSION = YES;
				CLANG_WARN_OBJC_ROOT_CLASS = YES_ERROR;
				CLANG_WARN_RANGE_LOOP_ANALYSIS = YES;
				CLANG_WARN_STRICT_PROTOTYPES = YES;
				CLANG_WARN_SUSPICIOUS_MOVE = YES;
				CLANG_WARN_UNGUARDED_AVAILABILITY = YES_AGGRESSIVE;
				CLANG_WARN_UNREACHABLE_CODE = YES;
				CLANG_WARN__DUPLICATE_METHOD_MATCH = YES;
				COPY_PHASE_STRIP = NO;
				DEBUG_INFORMATION_FORMAT = "dwarf-with-dsym";
				ENABLE_NS_ASSERTIONS = NO;
				ENABLE_STRICT_OBJC_MSGSEND = YES;
				GCC_C_LANGUAGE_STANDARD = gnu11;
				GCC_NO_COMMON_BLOCKS = YES;
				GCC_WARN_64_TO_32_BIT_CONVERSION = YES;
				GCC_WARN_ABOUT_RETURN_TYPE = YES_ERROR;
				GCC_WARN_UNDECLARED_SELECTOR = YES;
				GCC_WARN_UNINITIALIZED_AUTOS = YES_AGGRESSIVE;
				GCC_WARN_UNUSED_FUNCTION = YES;
				GCC_WARN_UNUSED_VARIABLE = YES;
				IPHONEOS_DEPLOYMENT_TARGET = 13.1;
				MTL_ENABLE_DEBUG_INFO = NO;
				MTL_FAST_MATH = YES;
				SDKROOT = iphoneos;
				SWIFT_COMPILATION_MODE = wholemodule;
				SWIFT_OPTIMIZATION_LEVEL = "-O";
				VALIDATE_PRODUCT = YES;
			};
			name = Release;
		};
		10140FC7235E43970030DD18 /* Debug */ = {
			isa = XCBuildConfiguration;
			buildSettings = {
				ASSETCATALOG_COMPILER_APPICON_NAME = AppIcon;
				CODE_SIGN_STYLE = Automatic;
				DEVELOPMENT_TEAM = 95J6QC3H48;
				INFOPLIST_FILE = ResizeImageView/Info.plist;
				LD_RUNPATH_SEARCH_PATHS = (
					"$(inherited)",
					"@executable_path/Frameworks",
				);
				PRODUCT_BUNDLE_IDENTIFIER = se.asplundo.ResizeImageView;
				PRODUCT_NAME = "$(TARGET_NAME)";
				SWIFT_VERSION = 5.0;
				TARGETED_DEVICE_FAMILY = "1,2";
			};
			name = Debug;
		};
		10140FC8235E43970030DD18 /* Release */ = {
			isa = XCBuildConfiguration;
			buildSettings = {
				ASSETCATALOG_COMPILER_APPICON_NAME = AppIcon;
				CODE_SIGN_STYLE = Automatic;
				DEVELOPMENT_TEAM = 95J6QC3H48;
				INFOPLIST_FILE = ResizeImageView/Info.plist;
				LD_RUNPATH_SEARCH_PATHS = (
					"$(inherited)",
					"@executable_path/Frameworks",
				);
				PRODUCT_BUNDLE_IDENTIFIER = se.asplundo.ResizeImageView;
				PRODUCT_NAME = "$(TARGET_NAME)";
				SWIFT_VERSION = 5.0;
				TARGETED_DEVICE_FAMILY = "1,2";
			};
			name = Release;
		};
/* End XCBuildConfiguration section */

/* Begin XCConfigurationList section */
		10140FAD235E43950030DD18 /* Build configuration list for PBXProject "ResizeImageView" */ = {
			isa = XCConfigurationList;
			buildConfigurations = (
				10140FC4235E43970030DD18 /* Debug */,
				10140FC5235E43970030DD18 /* Release */,
			);
			defaultConfigurationIsVisible = 0;
			defaultConfigurationName = Release;
		};
		10140FC6235E43970030DD18 /* Build configuration list for PBXNativeTarget "ResizeImageView" */ = {
			isa = XCConfigurationList;
			buildConfigurations = (
				10140FC7235E43970030DD18 /* Debug */,
				10140FC8235E43970030DD18 /* Release */,
			);
			defaultConfigurationIsVisible = 0;
			defaultConfigurationName = Release;
		};
/* End XCConfigurationList section */
	};
	rootObject = 10140FAA235E43950030DD18 /* Project object */;
}
